// !$*UTF8*$!
{
	archiveVersion = 1;
	classes = {
	};
	objectVersion = 55;
	objects = {

/* Begin PBXBuildFile section */
		CD13823A284FC20500A24CF1 /* Tests_iOS.swift in Sources */ = {isa = PBXBuildFile; fileRef = CD138239284FC20500A24CF1 /* Tests_iOS.swift */; };
		CD13823C284FC20500A24CF1 /* Tests_iOSLaunchTests.swift in Sources */ = {isa = PBXBuildFile; fileRef = CD13823B284FC20500A24CF1 /* Tests_iOSLaunchTests.swift */; };
		CD138246284FC20500A24CF1 /* Tests_macOS.swift in Sources */ = {isa = PBXBuildFile; fileRef = CD138245284FC20500A24CF1 /* Tests_macOS.swift */; };
		CD138248284FC20500A24CF1 /* Tests_macOSLaunchTests.swift in Sources */ = {isa = PBXBuildFile; fileRef = CD138247284FC20500A24CF1 /* Tests_macOSLaunchTests.swift */; };
		CD138249284FC20500A24CF1 /* cryptoPass.xcdatamodeld in Sources */ = {isa = PBXBuildFile; fileRef = CD13821E284FC20500A24CF1 /* cryptoPass.xcdatamodeld */; };
		CD13824A284FC20500A24CF1 /* cryptoPass.xcdatamodeld in Sources */ = {isa = PBXBuildFile; fileRef = CD13821E284FC20500A24CF1 /* cryptoPass.xcdatamodeld */; };
		CD13824B284FC20500A24CF1 /* cryptoPassApp.swift in Sources */ = {isa = PBXBuildFile; fileRef = CD138220284FC20500A24CF1 /* cryptoPassApp.swift */; };
		CD13824C284FC20500A24CF1 /* cryptoPassApp.swift in Sources */ = {isa = PBXBuildFile; fileRef = CD138220284FC20500A24CF1 /* cryptoPassApp.swift */; };
		CD13824D284FC20500A24CF1 /* HomePage.swift in Sources */ = {isa = PBXBuildFile; fileRef = CD138221284FC20500A24CF1 /* HomePage.swift */; };
		CD13824E284FC20500A24CF1 /* HomePage.swift in Sources */ = {isa = PBXBuildFile; fileRef = CD138221284FC20500A24CF1 /* HomePage.swift */; };
		CD13824F284FC20500A24CF1 /* Persistence.swift in Sources */ = {isa = PBXBuildFile; fileRef = CD138222284FC20500A24CF1 /* Persistence.swift */; };
		CD138250284FC20500A24CF1 /* Persistence.swift in Sources */ = {isa = PBXBuildFile; fileRef = CD138222284FC20500A24CF1 /* Persistence.swift */; };
		CD138251284FC20500A24CF1 /* Assets.xcassets in Resources */ = {isa = PBXBuildFile; fileRef = CD138223284FC20500A24CF1 /* Assets.xcassets */; };
		CD138252284FC20500A24CF1 /* Assets.xcassets in Resources */ = {isa = PBXBuildFile; fileRef = CD138223284FC20500A24CF1 /* Assets.xcassets */; };
		CDB44DB9284FC32600DDBE87 /* SFSafeSymbols in Frameworks */ = {isa = PBXBuildFile; productRef = CDB44DB8284FC32600DDBE87 /* SFSafeSymbols */; };
		CDB44DBC284FC34500DDBE87 /* InfoMationDetailView.swift in Sources */ = {isa = PBXBuildFile; fileRef = CDB44DBB284FC34500DDBE87 /* InfoMationDetailView.swift */; };
		CDB44DBD284FC34500DDBE87 /* InfoMationDetailView.swift in Sources */ = {isa = PBXBuildFile; fileRef = CDB44DBB284FC34500DDBE87 /* InfoMationDetailView.swift */; };
		CDB44DBF284FC43E00DDBE87 /* TitleView.swift in Sources */ = {isa = PBXBuildFile; fileRef = CDB44DBE284FC43E00DDBE87 /* TitleView.swift */; };
		CDB44DC0284FC43E00DDBE87 /* TitleView.swift in Sources */ = {isa = PBXBuildFile; fileRef = CDB44DBE284FC43E00DDBE87 /* TitleView.swift */; };
		CDB44DC3284FC55800DDBE87 /* Introduction.swift in Sources */ = {isa = PBXBuildFile; fileRef = CDB44DC2284FC55800DDBE87 /* Introduction.swift */; };
		CDB44DC4284FC55800DDBE87 /* Introduction.swift in Sources */ = {isa = PBXBuildFile; fileRef = CDB44DC2284FC55800DDBE87 /* Introduction.swift */; };
		CDB44DC7284FCBAF00DDBE87 /* FilledButton.swift in Sources */ = {isa = PBXBuildFile; fileRef = CDB44DC6284FCBAF00DDBE87 /* FilledButton.swift */; };
		CDB44DC8284FCBAF00DDBE87 /* FilledButton.swift in Sources */ = {isa = PBXBuildFile; fileRef = CDB44DC6284FCBAF00DDBE87 /* FilledButton.swift */; };
		CDB44DCA284FCCDE00DDBE87 /* IntroductionPage.swift in Sources */ = {isa = PBXBuildFile; fileRef = CDB44DC9284FCCDE00DDBE87 /* IntroductionPage.swift */; };
		CDB44DCB284FCCDE00DDBE87 /* IntroductionPage.swift in Sources */ = {isa = PBXBuildFile; fileRef = CDB44DC9284FCCDE00DDBE87 /* IntroductionPage.swift */; };
		CDB44DCD284FCDD800DDBE87 /* PrivateKeyView.swift in Sources */ = {isa = PBXBuildFile; fileRef = CDB44DCC284FCDD800DDBE87 /* PrivateKeyView.swift */; };
		CDB44DCE284FCDD800DDBE87 /* PrivateKeyView.swift in Sources */ = {isa = PBXBuildFile; fileRef = CDB44DCC284FCDD800DDBE87 /* PrivateKeyView.swift */; };
		CDB44DD1284FD3F600DDBE87 /* web3.swift in Frameworks */ = {isa = PBXBuildFile; productRef = CDB44DD0284FD3F600DDBE87 /* web3.swift */; };
		CDB44DD32850482900DDBE87 /* UserAccount.swift in Sources */ = {isa = PBXBuildFile; fileRef = CDB44DD22850482900DDBE87 /* UserAccount.swift */; };
		CDB44DD42850482900DDBE87 /* UserAccount.swift in Sources */ = {isa = PBXBuildFile; fileRef = CDB44DD22850482900DDBE87 /* UserAccount.swift */; };
		CDB44DD728504CD600DDBE87 /* UserAccountModel.swift in Sources */ = {isa = PBXBuildFile; fileRef = CDB44DD628504CD600DDBE87 /* UserAccountModel.swift */; };
		CDB44DD828504CD600DDBE87 /* UserAccountModel.swift in Sources */ = {isa = PBXBuildFile; fileRef = CDB44DD628504CD600DDBE87 /* UserAccountModel.swift */; };
		CDB44DDB28504F7B00DDBE87 /* PasswordList.swift in Sources */ = {isa = PBXBuildFile; fileRef = CDB44DDA28504F7B00DDBE87 /* PasswordList.swift */; };
		CDB44DDC28504F7B00DDBE87 /* PasswordList.swift in Sources */ = {isa = PBXBuildFile; fileRef = CDB44DDA28504F7B00DDBE87 /* PasswordList.swift */; };
		CDB44DDE2850807900DDBE87 /* Environments.swift in Sources */ = {isa = PBXBuildFile; fileRef = CDB44DDD2850807900DDBE87 /* Environments.swift */; };
		CDB44DDF2850807900DDBE87 /* Environments.swift in Sources */ = {isa = PBXBuildFile; fileRef = CDB44DDD2850807900DDBE87 /* Environments.swift */; };
		CDB44DE1285086CC00DDBE87 /* InfoCard.swift in Sources */ = {isa = PBXBuildFile; fileRef = CDB44DE0285086CC00DDBE87 /* InfoCard.swift */; };
		CDB44DE2285086CC00DDBE87 /* InfoCard.swift in Sources */ = {isa = PBXBuildFile; fileRef = CDB44DE0285086CC00DDBE87 /* InfoCard.swift */; };
		CDB44DE428508C3B00DDBE87 /* Config.swift in Sources */ = {isa = PBXBuildFile; fileRef = CDB44DE328508C3B00DDBE87 /* Config.swift */; };
		CDB44DE528508C3B00DDBE87 /* Config.swift in Sources */ = {isa = PBXBuildFile; fileRef = CDB44DE328508C3B00DDBE87 /* Config.swift */; };
		CDB44DEA28508EDC00DDBE87 /* CryptoPassContract.swift in Sources */ = {isa = PBXBuildFile; fileRef = CDB44DE928508EDC00DDBE87 /* CryptoPassContract.swift */; };
		CDB44DEB28508EDC00DDBE87 /* CryptoPassContract.swift in Sources */ = {isa = PBXBuildFile; fileRef = CDB44DE928508EDC00DDBE87 /* CryptoPassContract.swift */; };
		CDB44DEE2850A11B00DDBE87 /* BigInt+extension.swift in Sources */ = {isa = PBXBuildFile; fileRef = CDB44DED2850A11B00DDBE87 /* BigInt+extension.swift */; };
		CDB44DEF2850A11B00DDBE87 /* BigInt+extension.swift in Sources */ = {isa = PBXBuildFile; fileRef = CDB44DED2850A11B00DDBE87 /* BigInt+extension.swift */; };
		CDB44DF22850A83B00DDBE87 /* web3.swift in Frameworks */ = {isa = PBXBuildFile; productRef = CDB44DF12850A83B00DDBE87 /* web3.swift */; };
		CDB44DF42850A84A00DDBE87 /* SFSafeSymbols in Frameworks */ = {isa = PBXBuildFile; productRef = CDB44DF32850A84A00DDBE87 /* SFSafeSymbols */; };
		CDB44DF62850AF6D00DDBE87 /* Password.swift in Sources */ = {isa = PBXBuildFile; fileRef = CDB44DF52850AF6D00DDBE87 /* Password.swift */; };
		CDB44DF72850AF6D00DDBE87 /* Password.swift in Sources */ = {isa = PBXBuildFile; fileRef = CDB44DF52850AF6D00DDBE87 /* Password.swift */; };
		CDB44DF92850B56700DDBE87 /* PasswordForm.swift in Sources */ = {isa = PBXBuildFile; fileRef = CDB44DF82850B56700DDBE87 /* PasswordForm.swift */; };
		CDB44DFA2850B56700DDBE87 /* PasswordForm.swift in Sources */ = {isa = PBXBuildFile; fileRef = CDB44DF82850B56700DDBE87 /* PasswordForm.swift */; };
		CDB44DFC2850B8A900DDBE87 /* TextEditorWithPlaceholder.swift in Sources */ = {isa = PBXBuildFile; fileRef = CDB44DFB2850B8A900DDBE87 /* TextEditorWithPlaceholder.swift */; };
		CDB44DFD2850B8A900DDBE87 /* TextEditorWithPlaceholder.swift in Sources */ = {isa = PBXBuildFile; fileRef = CDB44DFB2850B8A900DDBE87 /* TextEditorWithPlaceholder.swift */; };
		CDB44DFF2850C71D00DDBE87 /* BankFormView.swift in Sources */ = {isa = PBXBuildFile; fileRef = CDB44DFE2850C71D00DDBE87 /* BankFormView.swift */; };
		CDB44E002850C71D00DDBE87 /* BankFormView.swift in Sources */ = {isa = PBXBuildFile; fileRef = CDB44DFE2850C71D00DDBE87 /* BankFormView.swift */; };
		CDB44E082850DD0400DDBE87 /* WebsiteFormView.swift in Sources */ = {isa = PBXBuildFile; fileRef = CDB44E072850DD0400DDBE87 /* WebsiteFormView.swift */; };
		CDB44E092850DD0400DDBE87 /* WebsiteFormView.swift in Sources */ = {isa = PBXBuildFile; fileRef = CDB44E072850DD0400DDBE87 /* WebsiteFormView.swift */; };
		CDB44E0B2850DE0B00DDBE87 /* PaymentCardFormView.swift in Sources */ = {isa = PBXBuildFile; fileRef = CDB44E0A2850DE0B00DDBE87 /* PaymentCardFormView.swift */; };
		CDB44E0C2850DE0B00DDBE87 /* PaymentCardFormView.swift in Sources */ = {isa = PBXBuildFile; fileRef = CDB44E0A2850DE0B00DDBE87 /* PaymentCardFormView.swift */; };
		CDB44E0E2850FD3400DDBE87 /* CryptoPassModel.swift in Sources */ = {isa = PBXBuildFile; fileRef = CDB44E0D2850FD3400DDBE87 /* CryptoPassModel.swift */; };
		CDB44E0F2850FD3400DDBE87 /* CryptoPassModel.swift in Sources */ = {isa = PBXBuildFile; fileRef = CDB44E0D2850FD3400DDBE87 /* CryptoPassModel.swift */; };
		CDB44E1A285199EF00DDBE87 /* Data+extension.swift in Sources */ = {isa = PBXBuildFile; fileRef = CDB44E19285199EF00DDBE87 /* Data+extension.swift */; };
		CDB44E1B285199EF00DDBE87 /* Data+extension.swift in Sources */ = {isa = PBXBuildFile; fileRef = CDB44E19285199EF00DDBE87 /* Data+extension.swift */; };
		CDB44E1D2851A4F600DDBE87 /* ConfirmationPage.swift in Sources */ = {isa = PBXBuildFile; fileRef = CDB44E1C2851A4F600DDBE87 /* ConfirmationPage.swift */; };
		CDB44E1E2851A4F600DDBE87 /* ConfirmationPage.swift in Sources */ = {isa = PBXBuildFile; fileRef = CDB44E1C2851A4F600DDBE87 /* ConfirmationPage.swift */; };
		CDB44E202851A8D800DDBE87 /* FormTextField.swift in Sources */ = {isa = PBXBuildFile; fileRef = CDB44E1F2851A8D800DDBE87 /* FormTextField.swift */; };
		CDB44E212851A8D800DDBE87 /* FormTextField.swift in Sources */ = {isa = PBXBuildFile; fileRef = CDB44E1F2851A8D800DDBE87 /* FormTextField.swift */; };
		CDB44E232851B25400DDBE87 /* TransactionModel.swift in Sources */ = {isa = PBXBuildFile; fileRef = CDB44E222851B25400DDBE87 /* TransactionModel.swift */; };
		CDB44E242851B25400DDBE87 /* TransactionModel.swift in Sources */ = {isa = PBXBuildFile; fileRef = CDB44E222851B25400DDBE87 /* TransactionModel.swift */; };
		CDB44E262851B59100DDBE87 /* AuthenticationModel.swift in Sources */ = {isa = PBXBuildFile; fileRef = CDB44E252851B59100DDBE87 /* AuthenticationModel.swift */; };
		CDB44E272851B59100DDBE87 /* AuthenticationModel.swift in Sources */ = {isa = PBXBuildFile; fileRef = CDB44E252851B59100DDBE87 /* AuthenticationModel.swift */; };
		CDB44E2A2851BEF800DDBE87 /* TransactionError.swift in Sources */ = {isa = PBXBuildFile; fileRef = CDB44E292851BEF800DDBE87 /* TransactionError.swift */; };
		CDB44E2B2851BEF800DDBE87 /* TransactionError.swift in Sources */ = {isa = PBXBuildFile; fileRef = CDB44E292851BEF800DDBE87 /* TransactionError.swift */; };
		CDB44E2D2851C4C600DDBE87 /* PrivateKeyError.swift in Sources */ = {isa = PBXBuildFile; fileRef = CDB44E2C2851C4C600DDBE87 /* PrivateKeyError.swift */; };
		CDB44E2E2851C4C600DDBE87 /* PrivateKeyError.swift in Sources */ = {isa = PBXBuildFile; fileRef = CDB44E2C2851C4C600DDBE87 /* PrivateKeyError.swift */; };
		CDB44E312851C8D400DDBE87 /* LoadingView.swift in Sources */ = {isa = PBXBuildFile; fileRef = CDB44E302851C8D400DDBE87 /* LoadingView.swift */; };
		CDB44E322851C8D400DDBE87 /* LoadingView.swift in Sources */ = {isa = PBXBuildFile; fileRef = CDB44E302851C8D400DDBE87 /* LoadingView.swift */; };
		CDB44E342851CF9500DDBE87 /* EthereumModel.swift in Sources */ = {isa = PBXBuildFile; fileRef = CDB44E332851CF9500DDBE87 /* EthereumModel.swift */; };
		CDB44E352851CF9500DDBE87 /* EthereumModel.swift in Sources */ = {isa = PBXBuildFile; fileRef = CDB44E332851CF9500DDBE87 /* EthereumModel.swift */; };
		CDB44E382851D1BC00DDBE87 /* TransactionDetail.swift in Sources */ = {isa = PBXBuildFile; fileRef = CDB44E372851D1BC00DDBE87 /* TransactionDetail.swift */; };
		CDB44E392851D1BC00DDBE87 /* TransactionDetail.swift in Sources */ = {isa = PBXBuildFile; fileRef = CDB44E372851D1BC00DDBE87 /* TransactionDetail.swift */; };
		CDB44E3C2851D34C00DDBE87 /* Transaction.swift in Sources */ = {isa = PBXBuildFile; fileRef = CDB44E3B2851D34C00DDBE87 /* Transaction.swift */; };
		CDB44E3D2851D34C00DDBE87 /* Transaction.swift in Sources */ = {isa = PBXBuildFile; fileRef = CDB44E3B2851D34C00DDBE87 /* Transaction.swift */; };
		CDB44E3F2851E03400DDBE87 /* EthereumClient+extension.swift in Sources */ = {isa = PBXBuildFile; fileRef = CDB44E3E2851E03400DDBE87 /* EthereumClient+extension.swift */; };
		CDB44E402851E03400DDBE87 /* EthereumClient+extension.swift in Sources */ = {isa = PBXBuildFile; fileRef = CDB44E3E2851E03400DDBE87 /* EthereumClient+extension.swift */; };
		CDB44E422851EBB300DDBE87 /* TransactionDetailView.swift in Sources */ = {isa = PBXBuildFile; fileRef = CDB44E412851EBB300DDBE87 /* TransactionDetailView.swift */; };
		CDB44E432851EBB300DDBE87 /* TransactionDetailView.swift in Sources */ = {isa = PBXBuildFile; fileRef = CDB44E412851EBB300DDBE87 /* TransactionDetailView.swift */; };
		CDB44E462851EE6D00DDBE87 /* transaction_receipt.swift in Sources */ = {isa = PBXBuildFile; fileRef = CDB44E452851EE6D00DDBE87 /* transaction_receipt.swift */; };
		CDB44E4A2851F74300DDBE87 /* TransactionStatus+extension.swift in Sources */ = {isa = PBXBuildFile; fileRef = CDB44E492851F74300DDBE87 /* TransactionStatus+extension.swift */; };
		CDB44E502852407F00DDBE87 /* PasswordRow.swift in Sources */ = {isa = PBXBuildFile; fileRef = CDB44E4F2852407F00DDBE87 /* PasswordRow.swift */; };
		CDB44E522852438A00DDBE87 /* CommonPassword.swift in Sources */ = {isa = PBXBuildFile; fileRef = CDB44E512852438A00DDBE87 /* CommonPassword.swift */; };
/* End PBXBuildFile section */

/* Begin PBXContainerItemProxy section */
		CD138236284FC20500A24CF1 /* PBXContainerItemProxy */ = {
			isa = PBXContainerItemProxy;
			containerPortal = CD138219284FC20400A24CF1 /* Project object */;
			proxyType = 1;
			remoteGlobalIDString = CD138227284FC20500A24CF1;
			remoteInfo = "cryptoPass (iOS)";
		};
		CD138242284FC20500A24CF1 /* PBXContainerItemProxy */ = {
			isa = PBXContainerItemProxy;
			containerPortal = CD138219284FC20400A24CF1 /* Project object */;
			proxyType = 1;
			remoteGlobalIDString = CD13822D284FC20500A24CF1;
			remoteInfo = "cryptoPass (macOS)";
		};
/* End PBXContainerItemProxy section */

/* Begin PBXFileReference section */
		CD13821F284FC20500A24CF1 /* Shared.xcdatamodel */ = {isa = PBXFileReference; lastKnownFileType = wrapper.xcdatamodel; path = Shared.xcdatamodel; sourceTree = "<group>"; };
		CD138220284FC20500A24CF1 /* cryptoPassApp.swift */ = {isa = PBXFileReference; lastKnownFileType = sourcecode.swift; path = cryptoPassApp.swift; sourceTree = "<group>"; };
		CD138221284FC20500A24CF1 /* HomePage.swift */ = {isa = PBXFileReference; lastKnownFileType = sourcecode.swift; path = HomePage.swift; sourceTree = "<group>"; };
		CD138222284FC20500A24CF1 /* Persistence.swift */ = {isa = PBXFileReference; lastKnownFileType = sourcecode.swift; path = Persistence.swift; sourceTree = "<group>"; };
		CD138223284FC20500A24CF1 /* Assets.xcassets */ = {isa = PBXFileReference; lastKnownFileType = folder.assetcatalog; path = Assets.xcassets; sourceTree = "<group>"; };
		CD138228284FC20500A24CF1 /* cryptoPass.app */ = {isa = PBXFileReference; explicitFileType = wrapper.application; includeInIndex = 0; path = cryptoPass.app; sourceTree = BUILT_PRODUCTS_DIR; };
		CD13822E284FC20500A24CF1 /* cryptoPass.app */ = {isa = PBXFileReference; explicitFileType = wrapper.application; includeInIndex = 0; path = cryptoPass.app; sourceTree = BUILT_PRODUCTS_DIR; };
		CD138230284FC20500A24CF1 /* macOS.entitlements */ = {isa = PBXFileReference; lastKnownFileType = text.plist.entitlements; path = macOS.entitlements; sourceTree = "<group>"; };
		CD138235284FC20500A24CF1 /* Tests iOS.xctest */ = {isa = PBXFileReference; explicitFileType = wrapper.cfbundle; includeInIndex = 0; path = "Tests iOS.xctest"; sourceTree = BUILT_PRODUCTS_DIR; };
		CD138239284FC20500A24CF1 /* Tests_iOS.swift */ = {isa = PBXFileReference; lastKnownFileType = sourcecode.swift; path = Tests_iOS.swift; sourceTree = "<group>"; };
		CD13823B284FC20500A24CF1 /* Tests_iOSLaunchTests.swift */ = {isa = PBXFileReference; lastKnownFileType = sourcecode.swift; path = Tests_iOSLaunchTests.swift; sourceTree = "<group>"; };
		CD138241284FC20500A24CF1 /* Tests macOS.xctest */ = {isa = PBXFileReference; explicitFileType = wrapper.cfbundle; includeInIndex = 0; path = "Tests macOS.xctest"; sourceTree = BUILT_PRODUCTS_DIR; };
		CD138245284FC20500A24CF1 /* Tests_macOS.swift */ = {isa = PBXFileReference; lastKnownFileType = sourcecode.swift; path = Tests_macOS.swift; sourceTree = "<group>"; };
		CD138247284FC20500A24CF1 /* Tests_macOSLaunchTests.swift */ = {isa = PBXFileReference; lastKnownFileType = sourcecode.swift; path = Tests_macOSLaunchTests.swift; sourceTree = "<group>"; };
		CDB44DBB284FC34500DDBE87 /* InfoMationDetailView.swift */ = {isa = PBXFileReference; lastKnownFileType = sourcecode.swift; path = InfoMationDetailView.swift; sourceTree = "<group>"; };
		CDB44DBE284FC43E00DDBE87 /* TitleView.swift */ = {isa = PBXFileReference; lastKnownFileType = sourcecode.swift; path = TitleView.swift; sourceTree = "<group>"; };
		CDB44DC2284FC55800DDBE87 /* Introduction.swift */ = {isa = PBXFileReference; lastKnownFileType = sourcecode.swift; path = Introduction.swift; sourceTree = "<group>"; };
		CDB44DC6284FCBAF00DDBE87 /* FilledButton.swift */ = {isa = PBXFileReference; lastKnownFileType = sourcecode.swift; path = FilledButton.swift; sourceTree = "<group>"; };
		CDB44DC9284FCCDE00DDBE87 /* IntroductionPage.swift */ = {isa = PBXFileReference; lastKnownFileType = sourcecode.swift; path = IntroductionPage.swift; sourceTree = "<group>"; };
		CDB44DCC284FCDD800DDBE87 /* PrivateKeyView.swift */ = {isa = PBXFileReference; lastKnownFileType = sourcecode.swift; path = PrivateKeyView.swift; sourceTree = "<group>"; };
		CDB44DD22850482900DDBE87 /* UserAccount.swift */ = {isa = PBXFileReference; lastKnownFileType = sourcecode.swift; path = UserAccount.swift; sourceTree = "<group>"; };
		CDB44DD628504CD600DDBE87 /* UserAccountModel.swift */ = {isa = PBXFileReference; lastKnownFileType = sourcecode.swift; path = UserAccountModel.swift; sourceTree = "<group>"; };
		CDB44DDA28504F7B00DDBE87 /* PasswordList.swift */ = {isa = PBXFileReference; lastKnownFileType = sourcecode.swift; path = PasswordList.swift; sourceTree = "<group>"; };
		CDB44DDD2850807900DDBE87 /* Environments.swift */ = {isa = PBXFileReference; lastKnownFileType = sourcecode.swift; path = Environments.swift; sourceTree = "<group>"; };
		CDB44DE0285086CC00DDBE87 /* InfoCard.swift */ = {isa = PBXFileReference; lastKnownFileType = sourcecode.swift; path = InfoCard.swift; sourceTree = "<group>"; };
		CDB44DE328508C3B00DDBE87 /* Config.swift */ = {isa = PBXFileReference; lastKnownFileType = sourcecode.swift; path = Config.swift; sourceTree = "<group>"; };
		CDB44DE928508EDC00DDBE87 /* CryptoPassContract.swift */ = {isa = PBXFileReference; lastKnownFileType = sourcecode.swift; path = CryptoPassContract.swift; sourceTree = "<group>"; };
		CDB44DED2850A11B00DDBE87 /* BigInt+extension.swift */ = {isa = PBXFileReference; lastKnownFileType = sourcecode.swift; path = "BigInt+extension.swift"; sourceTree = "<group>"; };
		CDB44DF52850AF6D00DDBE87 /* Password.swift */ = {isa = PBXFileReference; lastKnownFileType = sourcecode.swift; path = Password.swift; sourceTree = "<group>"; };
		CDB44DF82850B56700DDBE87 /* PasswordForm.swift */ = {isa = PBXFileReference; lastKnownFileType = sourcecode.swift; path = PasswordForm.swift; sourceTree = "<group>"; };
		CDB44DFB2850B8A900DDBE87 /* TextEditorWithPlaceholder.swift */ = {isa = PBXFileReference; lastKnownFileType = sourcecode.swift; path = TextEditorWithPlaceholder.swift; sourceTree = "<group>"; };
		CDB44DFE2850C71D00DDBE87 /* BankFormView.swift */ = {isa = PBXFileReference; lastKnownFileType = sourcecode.swift; path = BankFormView.swift; sourceTree = "<group>"; };
		CDB44E072850DD0400DDBE87 /* WebsiteFormView.swift */ = {isa = PBXFileReference; lastKnownFileType = sourcecode.swift; path = WebsiteFormView.swift; sourceTree = "<group>"; };
		CDB44E0A2850DE0B00DDBE87 /* PaymentCardFormView.swift */ = {isa = PBXFileReference; lastKnownFileType = sourcecode.swift; path = PaymentCardFormView.swift; sourceTree = "<group>"; };
		CDB44E0D2850FD3400DDBE87 /* CryptoPassModel.swift */ = {isa = PBXFileReference; lastKnownFileType = sourcecode.swift; path = CryptoPassModel.swift; sourceTree = "<group>"; };
		CDB44E19285199EF00DDBE87 /* Data+extension.swift */ = {isa = PBXFileReference; lastKnownFileType = sourcecode.swift; path = "Data+extension.swift"; sourceTree = "<group>"; };
		CDB44E1C2851A4F600DDBE87 /* ConfirmationPage.swift */ = {isa = PBXFileReference; lastKnownFileType = sourcecode.swift; path = ConfirmationPage.swift; sourceTree = "<group>"; };
		CDB44E1F2851A8D800DDBE87 /* FormTextField.swift */ = {isa = PBXFileReference; lastKnownFileType = sourcecode.swift; path = FormTextField.swift; sourceTree = "<group>"; };
		CDB44E222851B25400DDBE87 /* TransactionModel.swift */ = {isa = PBXFileReference; lastKnownFileType = sourcecode.swift; path = TransactionModel.swift; sourceTree = "<group>"; };
		CDB44E252851B59100DDBE87 /* AuthenticationModel.swift */ = {isa = PBXFileReference; lastKnownFileType = sourcecode.swift; path = AuthenticationModel.swift; sourceTree = "<group>"; };
		CDB44E292851BEF800DDBE87 /* TransactionError.swift */ = {isa = PBXFileReference; lastKnownFileType = sourcecode.swift; path = TransactionError.swift; sourceTree = "<group>"; };
		CDB44E2C2851C4C600DDBE87 /* PrivateKeyError.swift */ = {isa = PBXFileReference; lastKnownFileType = sourcecode.swift; path = PrivateKeyError.swift; sourceTree = "<group>"; };
		CDB44E302851C8D400DDBE87 /* LoadingView.swift */ = {isa = PBXFileReference; lastKnownFileType = sourcecode.swift; path = LoadingView.swift; sourceTree = "<group>"; };
		CDB44E332851CF9500DDBE87 /* EthereumModel.swift */ = {isa = PBXFileReference; lastKnownFileType = sourcecode.swift; path = EthereumModel.swift; sourceTree = "<group>"; };
		CDB44E372851D1BC00DDBE87 /* TransactionDetail.swift */ = {isa = PBXFileReference; lastKnownFileType = sourcecode.swift; path = TransactionDetail.swift; sourceTree = "<group>"; };
		CDB44E3B2851D34C00DDBE87 /* Transaction.swift */ = {isa = PBXFileReference; lastKnownFileType = sourcecode.swift; path = Transaction.swift; sourceTree = "<group>"; };
		CDB44E3E2851E03400DDBE87 /* EthereumClient+extension.swift */ = {isa = PBXFileReference; lastKnownFileType = sourcecode.swift; path = "EthereumClient+extension.swift"; sourceTree = "<group>"; };
		CDB44E412851EBB300DDBE87 /* TransactionDetailView.swift */ = {isa = PBXFileReference; lastKnownFileType = sourcecode.swift; path = TransactionDetailView.swift; sourceTree = "<group>"; };
		CDB44E452851EE6D00DDBE87 /* transaction_receipt.swift */ = {isa = PBXFileReference; lastKnownFileType = sourcecode.swift; path = transaction_receipt.swift; sourceTree = "<group>"; };
		CDB44E492851F74300DDBE87 /* TransactionStatus+extension.swift */ = {isa = PBXFileReference; lastKnownFileType = sourcecode.swift; path = "TransactionStatus+extension.swift"; sourceTree = "<group>"; };
		CDB44E4F2852407F00DDBE87 /* PasswordRow.swift */ = {isa = PBXFileReference; lastKnownFileType = sourcecode.swift; path = PasswordRow.swift; sourceTree = "<group>"; };
		CDB44E512852438A00DDBE87 /* CommonPassword.swift */ = {isa = PBXFileReference; lastKnownFileType = sourcecode.swift; path = CommonPassword.swift; sourceTree = "<group>"; };
/* End PBXFileReference section */

/* Begin PBXFrameworksBuildPhase section */
		CD138225284FC20500A24CF1 /* Frameworks */ = {
			isa = PBXFrameworksBuildPhase;
			buildActionMask = 2147483647;
			files = (
				CDB44DD1284FD3F600DDBE87 /* web3.swift in Frameworks */,
				CDB44DB9284FC32600DDBE87 /* SFSafeSymbols in Frameworks */,
			);
			runOnlyForDeploymentPostprocessing = 0;
		};
		CD13822B284FC20500A24CF1 /* Frameworks */ = {
			isa = PBXFrameworksBuildPhase;
			buildActionMask = 2147483647;
			files = (
				CDB44DF42850A84A00DDBE87 /* SFSafeSymbols in Frameworks */,
				CDB44DF22850A83B00DDBE87 /* web3.swift in Frameworks */,
			);
			runOnlyForDeploymentPostprocessing = 0;
		};
		CD138232284FC20500A24CF1 /* Frameworks */ = {
			isa = PBXFrameworksBuildPhase;
			buildActionMask = 2147483647;
			files = (
			);
			runOnlyForDeploymentPostprocessing = 0;
		};
		CD13823E284FC20500A24CF1 /* Frameworks */ = {
			isa = PBXFrameworksBuildPhase;
			buildActionMask = 2147483647;
			files = (
			);
			runOnlyForDeploymentPostprocessing = 0;
		};
/* End PBXFrameworksBuildPhase section */

/* Begin PBXGroup section */
		CD138218284FC20400A24CF1 = {
			isa = PBXGroup;
			children = (
				CD13821D284FC20500A24CF1 /* Shared */,
				CD13822F284FC20500A24CF1 /* macOS */,
				CD138238284FC20500A24CF1 /* Tests iOS */,
				CD138244284FC20500A24CF1 /* Tests macOS */,
				CD138229284FC20500A24CF1 /* Products */,
				CDB44DF02850A83B00DDBE87 /* Frameworks */,
			);
			sourceTree = "<group>";
		};
		CD13821D284FC20500A24CF1 /* Shared */ = {
			isa = PBXGroup;
			children = (
				CDB44E4B28521E6500DDBE87 /* contracts */,
				CDB44DEC2850A0F600DDBE87 /* extensions */,
				CDB44DD528504CC600DDBE87 /* models */,
				CDB44DC1284FC54A00DDBE87 /* pages */,
				CDB44DBA284FC32C00DDBE87 /* common */,
				CD138220284FC20500A24CF1 /* cryptoPassApp.swift */,
				CD138221284FC20500A24CF1 /* HomePage.swift */,
				CD138222284FC20500A24CF1 /* Persistence.swift */,
				CD138223284FC20500A24CF1 /* Assets.xcassets */,
				CD13821E284FC20500A24CF1 /* cryptoPass.xcdatamodeld */,
			);
			path = Shared;
			sourceTree = "<group>";
		};
		CD138229284FC20500A24CF1 /* Products */ = {
			isa = PBXGroup;
			children = (
				CD138228284FC20500A24CF1 /* cryptoPass.app */,
				CD13822E284FC20500A24CF1 /* cryptoPass.app */,
				CD138235284FC20500A24CF1 /* Tests iOS.xctest */,
				CD138241284FC20500A24CF1 /* Tests macOS.xctest */,
			);
			name = Products;
			sourceTree = "<group>";
		};
		CD13822F284FC20500A24CF1 /* macOS */ = {
			isa = PBXGroup;
			children = (
				CD138230284FC20500A24CF1 /* macOS.entitlements */,
			);
			path = macOS;
			sourceTree = "<group>";
		};
		CD138238284FC20500A24CF1 /* Tests iOS */ = {
			isa = PBXGroup;
			children = (
				CD138239284FC20500A24CF1 /* Tests_iOS.swift */,
				CD13823B284FC20500A24CF1 /* Tests_iOSLaunchTests.swift */,
			);
			path = "Tests iOS";
			sourceTree = "<group>";
		};
		CD138244284FC20500A24CF1 /* Tests macOS */ = {
			isa = PBXGroup;
			children = (
				CD138245284FC20500A24CF1 /* Tests_macOS.swift */,
				CD138247284FC20500A24CF1 /* Tests_macOSLaunchTests.swift */,
			);
			path = "Tests macOS";
			sourceTree = "<group>";
		};
		CDB44DBA284FC32C00DDBE87 /* common */ = {
			isa = PBXGroup;
			children = (
				CDB44E442851EE5500DDBE87 /* mockdata */,
				CDB44E3A2851D33D00DDBE87 /* enums */,
				CDB44E282851BEED00DDBE87 /* errors */,
				CDB44DE828508EB800DDBE87 /* objects */,
				CDB44DE728508EAC00DDBE87 /* settings */,
				CDB44DE628508E8400DDBE87 /* components */,
			);
			path = common;
			sourceTree = "<group>";
		};
		CDB44DC1284FC54A00DDBE87 /* pages */ = {
			isa = PBXGroup;
			children = (
				CDB44E362851D14400DDBE87 /* transaction */,
				CDB44DD928504F5C00DDBE87 /* password */,
				CDB44DC5284FCA6300DDBE87 /* introduction */,
			);
			path = pages;
			sourceTree = "<group>";
		};
		CDB44DC5284FCA6300DDBE87 /* introduction */ = {
			isa = PBXGroup;
			children = (
				CDB44DC2284FC55800DDBE87 /* Introduction.swift */,
				CDB44DC9284FCCDE00DDBE87 /* IntroductionPage.swift */,
				CDB44DCC284FCDD800DDBE87 /* PrivateKeyView.swift */,
				CDB44DD22850482900DDBE87 /* UserAccount.swift */,
			);
			path = introduction;
			sourceTree = "<group>";
		};
		CDB44DD528504CC600DDBE87 /* models */ = {
			isa = PBXGroup;
			children = (
				CDB44DD628504CD600DDBE87 /* UserAccountModel.swift */,
				CDB44E252851B59100DDBE87 /* AuthenticationModel.swift */,
				CDB44E0D2850FD3400DDBE87 /* CryptoPassModel.swift */,
				CDB44E222851B25400DDBE87 /* TransactionModel.swift */,
				CDB44E332851CF9500DDBE87 /* EthereumModel.swift */,
			);
			path = models;
			sourceTree = "<group>";
		};
		CDB44DD928504F5C00DDBE87 /* password */ = {
			isa = PBXGroup;
			children = (
				CDB44DDA28504F7B00DDBE87 /* PasswordList.swift */,
				CDB44DF82850B56700DDBE87 /* PasswordForm.swift */,
				CDB44DFE2850C71D00DDBE87 /* BankFormView.swift */,
				CDB44E072850DD0400DDBE87 /* WebsiteFormView.swift */,
				CDB44E0A2850DE0B00DDBE87 /* PaymentCardFormView.swift */,
				CDB44E4F2852407F00DDBE87 /* PasswordRow.swift */,
			);
			path = password;
			sourceTree = "<group>";
		};
		CDB44DE628508E8400DDBE87 /* components */ = {
			isa = PBXGroup;
			children = (
				CDB44DBB284FC34500DDBE87 /* InfoMationDetailView.swift */,
				CDB44DBE284FC43E00DDBE87 /* TitleView.swift */,
				CDB44DC6284FCBAF00DDBE87 /* FilledButton.swift */,
				CDB44DE0285086CC00DDBE87 /* InfoCard.swift */,
				CDB44DFB2850B8A900DDBE87 /* TextEditorWithPlaceholder.swift */,
				CDB44E1F2851A8D800DDBE87 /* FormTextField.swift */,
				CDB44E302851C8D400DDBE87 /* LoadingView.swift */,
			);
			path = components;
			sourceTree = "<group>";
		};
		CDB44DE728508EAC00DDBE87 /* settings */ = {
			isa = PBXGroup;
			children = (
				CDB44DDD2850807900DDBE87 /* Environments.swift */,
				CDB44DE328508C3B00DDBE87 /* Config.swift */,
			);
			path = settings;
			sourceTree = "<group>";
		};
		CDB44DE828508EB800DDBE87 /* objects */ = {
			isa = PBXGroup;
			children = (
				CDB44DE928508EDC00DDBE87 /* CryptoPassContract.swift */,
				CDB44DF52850AF6D00DDBE87 /* Password.swift */,
				CDB44E512852438A00DDBE87 /* CommonPassword.swift */,
			);
			path = objects;
			sourceTree = "<group>";
		};
		CDB44DEC2850A0F600DDBE87 /* extensions */ = {
			isa = PBXGroup;
			children = (
				CDB44DED2850A11B00DDBE87 /* BigInt+extension.swift */,
				CDB44E19285199EF00DDBE87 /* Data+extension.swift */,
				CDB44E3E2851E03400DDBE87 /* EthereumClient+extension.swift */,
				CDB44E492851F74300DDBE87 /* TransactionStatus+extension.swift */,
			);
			path = extensions;
			sourceTree = "<group>";
		};
		CDB44DF02850A83B00DDBE87 /* Frameworks */ = {
			isa = PBXGroup;
			children = (
			);
			name = Frameworks;
			sourceTree = "<group>";
		};
		CDB44E282851BEED00DDBE87 /* errors */ = {
			isa = PBXGroup;
			children = (
				CDB44E292851BEF800DDBE87 /* TransactionError.swift */,
				CDB44E2C2851C4C600DDBE87 /* PrivateKeyError.swift */,
			);
			path = errors;
			sourceTree = "<group>";
		};
		CDB44E362851D14400DDBE87 /* transaction */ = {
			isa = PBXGroup;
			children = (
				CDB44E1C2851A4F600DDBE87 /* ConfirmationPage.swift */,
				CDB44E372851D1BC00DDBE87 /* TransactionDetail.swift */,
				CDB44E412851EBB300DDBE87 /* TransactionDetailView.swift */,
			);
			path = transaction;
			sourceTree = "<group>";
		};
		CDB44E3A2851D33D00DDBE87 /* enums */ = {
			isa = PBXGroup;
			children = (
				CDB44E3B2851D34C00DDBE87 /* Transaction.swift */,
			);
			path = enums;
			sourceTree = "<group>";
		};
		CDB44E442851EE5500DDBE87 /* mockdata */ = {
			isa = PBXGroup;
			children = (
				CDB44E452851EE6D00DDBE87 /* transaction_receipt.swift */,
			);
			path = mockdata;
			sourceTree = "<group>";
		};
		CDB44E4B28521E6500DDBE87 /* contracts */ = {
			isa = PBXGroup;
			children = (
			);
			path = contracts;
			sourceTree = "<group>";
		};
/* End PBXGroup section */

/* Begin PBXNativeTarget section */
		CD138227284FC20500A24CF1 /* cryptoPass (iOS) */ = {
			isa = PBXNativeTarget;
			buildConfigurationList = CD138255284FC20500A24CF1 /* Build configuration list for PBXNativeTarget "cryptoPass (iOS)" */;
			buildPhases = (
				CD138224284FC20500A24CF1 /* Sources */,
				CD138225284FC20500A24CF1 /* Frameworks */,
				CD138226284FC20500A24CF1 /* Resources */,
			);
			buildRules = (
			);
			dependencies = (
			);
			name = "cryptoPass (iOS)";
			packageProductDependencies = (
				CDB44DB8284FC32600DDBE87 /* SFSafeSymbols */,
				CDB44DD0284FD3F600DDBE87 /* web3.swift */,
			);
			productName = "cryptoPass (iOS)";
			productReference = CD138228284FC20500A24CF1 /* cryptoPass.app */;
			productType = "com.apple.product-type.application";
		};
		CD13822D284FC20500A24CF1 /* cryptoPass (macOS) */ = {
			isa = PBXNativeTarget;
			buildConfigurationList = CD138258284FC20500A24CF1 /* Build configuration list for PBXNativeTarget "cryptoPass (macOS)" */;
			buildPhases = (
				CD13822A284FC20500A24CF1 /* Sources */,
				CD13822B284FC20500A24CF1 /* Frameworks */,
				CD13822C284FC20500A24CF1 /* Resources */,
			);
			buildRules = (
			);
			dependencies = (
			);
			name = "cryptoPass (macOS)";
			packageProductDependencies = (
				CDB44DF12850A83B00DDBE87 /* web3.swift */,
				CDB44DF32850A84A00DDBE87 /* SFSafeSymbols */,
			);
			productName = "cryptoPass (macOS)";
			productReference = CD13822E284FC20500A24CF1 /* cryptoPass.app */;
			productType = "com.apple.product-type.application";
		};
		CD138234284FC20500A24CF1 /* Tests iOS */ = {
			isa = PBXNativeTarget;
			buildConfigurationList = CD13825B284FC20500A24CF1 /* Build configuration list for PBXNativeTarget "Tests iOS" */;
			buildPhases = (
				CD138231284FC20500A24CF1 /* Sources */,
				CD138232284FC20500A24CF1 /* Frameworks */,
				CD138233284FC20500A24CF1 /* Resources */,
			);
			buildRules = (
			);
			dependencies = (
				CD138237284FC20500A24CF1 /* PBXTargetDependency */,
			);
			name = "Tests iOS";
			productName = "Tests iOS";
			productReference = CD138235284FC20500A24CF1 /* Tests iOS.xctest */;
			productType = "com.apple.product-type.bundle.ui-testing";
		};
		CD138240284FC20500A24CF1 /* Tests macOS */ = {
			isa = PBXNativeTarget;
			buildConfigurationList = CD13825E284FC20500A24CF1 /* Build configuration list for PBXNativeTarget "Tests macOS" */;
			buildPhases = (
				CD13823D284FC20500A24CF1 /* Sources */,
				CD13823E284FC20500A24CF1 /* Frameworks */,
				CD13823F284FC20500A24CF1 /* Resources */,
			);
			buildRules = (
			);
			dependencies = (
				CD138243284FC20500A24CF1 /* PBXTargetDependency */,
			);
			name = "Tests macOS";
			productName = "Tests macOS";
			productReference = CD138241284FC20500A24CF1 /* Tests macOS.xctest */;
			productType = "com.apple.product-type.bundle.ui-testing";
		};
/* End PBXNativeTarget section */

/* Begin PBXProject section */
		CD138219284FC20400A24CF1 /* Project object */ = {
			isa = PBXProject;
			attributes = {
				BuildIndependentTargetsInParallel = 1;
				LastSwiftUpdateCheck = 1340;
				LastUpgradeCheck = 1340;
				TargetAttributes = {
					CD138227284FC20500A24CF1 = {
						CreatedOnToolsVersion = 13.4.1;
					};
					CD13822D284FC20500A24CF1 = {
						CreatedOnToolsVersion = 13.4.1;
					};
					CD138234284FC20500A24CF1 = {
						CreatedOnToolsVersion = 13.4.1;
						TestTargetID = CD138227284FC20500A24CF1;
					};
					CD138240284FC20500A24CF1 = {
						CreatedOnToolsVersion = 13.4.1;
						TestTargetID = CD13822D284FC20500A24CF1;
					};
				};
			};
			buildConfigurationList = CD13821C284FC20400A24CF1 /* Build configuration list for PBXProject "cryptoPass" */;
			compatibilityVersion = "Xcode 13.0";
			developmentRegion = en;
			hasScannedForEncodings = 0;
			knownRegions = (
				en,
				Base,
			);
			mainGroup = CD138218284FC20400A24CF1;
			packageReferences = (
				CDB44DB7284FC32600DDBE87 /* XCRemoteSwiftPackageReference "SFSafeSymbols" */,
				CDB44DCF284FD3F600DDBE87 /* XCRemoteSwiftPackageReference "web3" */,
			);
			productRefGroup = CD138229284FC20500A24CF1 /* Products */;
			projectDirPath = "";
			projectRoot = "";
			targets = (
				CD138227284FC20500A24CF1 /* cryptoPass (iOS) */,
				CD13822D284FC20500A24CF1 /* cryptoPass (macOS) */,
				CD138234284FC20500A24CF1 /* Tests iOS */,
				CD138240284FC20500A24CF1 /* Tests macOS */,
			);
		};
/* End PBXProject section */

/* Begin PBXResourcesBuildPhase section */
		CD138226284FC20500A24CF1 /* Resources */ = {
			isa = PBXResourcesBuildPhase;
			buildActionMask = 2147483647;
			files = (
				CD138251284FC20500A24CF1 /* Assets.xcassets in Resources */,
			);
			runOnlyForDeploymentPostprocessing = 0;
		};
		CD13822C284FC20500A24CF1 /* Resources */ = {
			isa = PBXResourcesBuildPhase;
			buildActionMask = 2147483647;
			files = (
				CD138252284FC20500A24CF1 /* Assets.xcassets in Resources */,
			);
			runOnlyForDeploymentPostprocessing = 0;
		};
		CD138233284FC20500A24CF1 /* Resources */ = {
			isa = PBXResourcesBuildPhase;
			buildActionMask = 2147483647;
			files = (
			);
			runOnlyForDeploymentPostprocessing = 0;
		};
		CD13823F284FC20500A24CF1 /* Resources */ = {
			isa = PBXResourcesBuildPhase;
			buildActionMask = 2147483647;
			files = (
			);
			runOnlyForDeploymentPostprocessing = 0;
		};
/* End PBXResourcesBuildPhase section */

/* Begin PBXSourcesBuildPhase section */
		CD138224284FC20500A24CF1 /* Sources */ = {
			isa = PBXSourcesBuildPhase;
			buildActionMask = 2147483647;
			files = (
				CDB44E342851CF9500DDBE87 /* EthereumModel.swift in Sources */,
				CDB44E082850DD0400DDBE87 /* WebsiteFormView.swift in Sources */,
				CDB44E4A2851F74300DDBE87 /* TransactionStatus+extension.swift in Sources */,
				CDB44DCA284FCCDE00DDBE87 /* IntroductionPage.swift in Sources */,
				CDB44E0E2850FD3400DDBE87 /* CryptoPassModel.swift in Sources */,
				CDB44E3F2851E03400DDBE87 /* EthereumClient+extension.swift in Sources */,
				CDB44E202851A8D800DDBE87 /* FormTextField.swift in Sources */,
				CDB44E312851C8D400DDBE87 /* LoadingView.swift in Sources */,
				CDB44E502852407F00DDBE87 /* PasswordRow.swift in Sources */,
				CDB44E522852438A00DDBE87 /* CommonPassword.swift in Sources */,
				CD138249284FC20500A24CF1 /* cryptoPass.xcdatamodeld in Sources */,
				CDB44DC7284FCBAF00DDBE87 /* FilledButton.swift in Sources */,
				CDB44DFC2850B8A900DDBE87 /* TextEditorWithPlaceholder.swift in Sources */,
				CDB44DFF2850C71D00DDBE87 /* BankFormView.swift in Sources */,
				CD13824F284FC20500A24CF1 /* Persistence.swift in Sources */,
				CDB44DE1285086CC00DDBE87 /* InfoCard.swift in Sources */,
				CDB44DD32850482900DDBE87 /* UserAccount.swift in Sources */,
				CDB44DF62850AF6D00DDBE87 /* Password.swift in Sources */,
				CDB44E382851D1BC00DDBE87 /* TransactionDetail.swift in Sources */,
				CDB44DDE2850807900DDBE87 /* Environments.swift in Sources */,
				CDB44E0B2850DE0B00DDBE87 /* PaymentCardFormView.swift in Sources */,
				CDB44DDB28504F7B00DDBE87 /* PasswordList.swift in Sources */,
				CDB44E2A2851BEF800DDBE87 /* TransactionError.swift in Sources */,
				CDB44DBC284FC34500DDBE87 /* InfoMationDetailView.swift in Sources */,
				CDB44DEA28508EDC00DDBE87 /* CryptoPassContract.swift in Sources */,
				CDB44DEE2850A11B00DDBE87 /* BigInt+extension.swift in Sources */,
				CDB44DF92850B56700DDBE87 /* PasswordForm.swift in Sources */,
				CDB44DD728504CD600DDBE87 /* UserAccountModel.swift in Sources */,
				CD13824B284FC20500A24CF1 /* cryptoPassApp.swift in Sources */,
				CDB44E262851B59100DDBE87 /* AuthenticationModel.swift in Sources */,
				CDB44E3C2851D34C00DDBE87 /* Transaction.swift in Sources */,
				CDB44E1D2851A4F600DDBE87 /* ConfirmationPage.swift in Sources */,
				CD13824D284FC20500A24CF1 /* HomePage.swift in Sources */,
				CDB44E232851B25400DDBE87 /* TransactionModel.swift in Sources */,
				CDB44E1A285199EF00DDBE87 /* Data+extension.swift in Sources */,
				CDB44E422851EBB300DDBE87 /* TransactionDetailView.swift in Sources */,
				CDB44DC3284FC55800DDBE87 /* Introduction.swift in Sources */,
				CDB44E462851EE6D00DDBE87 /* transaction_receipt.swift in Sources */,
				CDB44DE428508C3B00DDBE87 /* Config.swift in Sources */,
				CDB44DCD284FCDD800DDBE87 /* PrivateKeyView.swift in Sources */,
				CDB44E2D2851C4C600DDBE87 /* PrivateKeyError.swift in Sources */,
				CDB44DBF284FC43E00DDBE87 /* TitleView.swift in Sources */,
			);
			runOnlyForDeploymentPostprocessing = 0;
		};
		CD13822A284FC20500A24CF1 /* Sources */ = {
			isa = PBXSourcesBuildPhase;
			buildActionMask = 2147483647;
			files = (
				CDB44E352851CF9500DDBE87 /* EthereumModel.swift in Sources */,
				CDB44E092850DD0400DDBE87 /* WebsiteFormView.swift in Sources */,
				CDB44DCB284FCCDE00DDBE87 /* IntroductionPage.swift in Sources */,
				CDB44E0F2850FD3400DDBE87 /* CryptoPassModel.swift in Sources */,
				CDB44E402851E03400DDBE87 /* EthereumClient+extension.swift in Sources */,
				CDB44E212851A8D800DDBE87 /* FormTextField.swift in Sources */,
				CDB44E322851C8D400DDBE87 /* LoadingView.swift in Sources */,
				CD13824A284FC20500A24CF1 /* cryptoPass.xcdatamodeld in Sources */,
				CDB44DC8284FCBAF00DDBE87 /* FilledButton.swift in Sources */,
				CDB44DFD2850B8A900DDBE87 /* TextEditorWithPlaceholder.swift in Sources */,
				CDB44E002850C71D00DDBE87 /* BankFormView.swift in Sources */,
				CD138250284FC20500A24CF1 /* Persistence.swift in Sources */,
				CDB44DE2285086CC00DDBE87 /* InfoCard.swift in Sources */,
				CDB44DD42850482900DDBE87 /* UserAccount.swift in Sources */,
				CDB44DF72850AF6D00DDBE87 /* Password.swift in Sources */,
				CDB44E392851D1BC00DDBE87 /* TransactionDetail.swift in Sources */,
				CDB44DDF2850807900DDBE87 /* Environments.swift in Sources */,
				CDB44E0C2850DE0B00DDBE87 /* PaymentCardFormView.swift in Sources */,
				CDB44DDC28504F7B00DDBE87 /* PasswordList.swift in Sources */,
				CDB44E2B2851BEF800DDBE87 /* TransactionError.swift in Sources */,
				CDB44DBD284FC34500DDBE87 /* InfoMationDetailView.swift in Sources */,
				CDB44DEB28508EDC00DDBE87 /* CryptoPassContract.swift in Sources */,
				CDB44DEF2850A11B00DDBE87 /* BigInt+extension.swift in Sources */,
				CDB44DFA2850B56700DDBE87 /* PasswordForm.swift in Sources */,
				CDB44DD828504CD600DDBE87 /* UserAccountModel.swift in Sources */,
				CD13824C284FC20500A24CF1 /* cryptoPassApp.swift in Sources */,
				CDB44E272851B59100DDBE87 /* AuthenticationModel.swift in Sources */,
				CDB44E3D2851D34C00DDBE87 /* Transaction.swift in Sources */,
				CDB44E1E2851A4F600DDBE87 /* ConfirmationPage.swift in Sources */,
				CD13824E284FC20500A24CF1 /* HomePage.swift in Sources */,
				CDB44E242851B25400DDBE87 /* TransactionModel.swift in Sources */,
				CDB44E1B285199EF00DDBE87 /* Data+extension.swift in Sources */,
				CDB44E432851EBB300DDBE87 /* TransactionDetailView.swift in Sources */,
				CDB44DC4284FC55800DDBE87 /* Introduction.swift in Sources */,
				CDB44DE528508C3B00DDBE87 /* Config.swift in Sources */,
				CDB44DCE284FCDD800DDBE87 /* PrivateKeyView.swift in Sources */,
				CDB44E2E2851C4C600DDBE87 /* PrivateKeyError.swift in Sources */,
				CDB44DC0284FC43E00DDBE87 /* TitleView.swift in Sources */,
			);
			runOnlyForDeploymentPostprocessing = 0;
		};
		CD138231284FC20500A24CF1 /* Sources */ = {
			isa = PBXSourcesBuildPhase;
			buildActionMask = 2147483647;
			files = (
				CD13823C284FC20500A24CF1 /* Tests_iOSLaunchTests.swift in Sources */,
				CD13823A284FC20500A24CF1 /* Tests_iOS.swift in Sources */,
			);
			runOnlyForDeploymentPostprocessing = 0;
		};
		CD13823D284FC20500A24CF1 /* Sources */ = {
			isa = PBXSourcesBuildPhase;
			buildActionMask = 2147483647;
			files = (
				CD138248284FC20500A24CF1 /* Tests_macOSLaunchTests.swift in Sources */,
				CD138246284FC20500A24CF1 /* Tests_macOS.swift in Sources */,
			);
			runOnlyForDeploymentPostprocessing = 0;
		};
/* End PBXSourcesBuildPhase section */

/* Begin PBXTargetDependency section */
		CD138237284FC20500A24CF1 /* PBXTargetDependency */ = {
			isa = PBXTargetDependency;
			target = CD138227284FC20500A24CF1 /* cryptoPass (iOS) */;
			targetProxy = CD138236284FC20500A24CF1 /* PBXContainerItemProxy */;
		};
		CD138243284FC20500A24CF1 /* PBXTargetDependency */ = {
			isa = PBXTargetDependency;
			target = CD13822D284FC20500A24CF1 /* cryptoPass (macOS) */;
			targetProxy = CD138242284FC20500A24CF1 /* PBXContainerItemProxy */;
		};
/* End PBXTargetDependency section */

/* Begin XCBuildConfiguration section */
		CD138253284FC20500A24CF1 /* Debug */ = {
			isa = XCBuildConfiguration;
			buildSettings = {
				ALWAYS_SEARCH_USER_PATHS = NO;
				CLANG_ANALYZER_NONNULL = YES;
				CLANG_ANALYZER_NUMBER_OBJECT_CONVERSION = YES_AGGRESSIVE;
				CLANG_CXX_LANGUAGE_STANDARD = "gnu++17";
				CLANG_ENABLE_MODULES = YES;
				CLANG_ENABLE_OBJC_ARC = YES;
				CLANG_ENABLE_OBJC_WEAK = YES;
				CLANG_WARN_BLOCK_CAPTURE_AUTORELEASING = YES;
				CLANG_WARN_BOOL_CONVERSION = YES;
				CLANG_WARN_COMMA = YES;
				CLANG_WARN_CONSTANT_CONVERSION = YES;
				CLANG_WARN_DEPRECATED_OBJC_IMPLEMENTATIONS = YES;
				CLANG_WARN_DIRECT_OBJC_ISA_USAGE = YES_ERROR;
				CLANG_WARN_DOCUMENTATION_COMMENTS = YES;
				CLANG_WARN_EMPTY_BODY = YES;
				CLANG_WARN_ENUM_CONVERSION = YES;
				CLANG_WARN_INFINITE_RECURSION = YES;
				CLANG_WARN_INT_CONVERSION = YES;
				CLANG_WARN_NON_LITERAL_NULL_CONVERSION = YES;
				CLANG_WARN_OBJC_IMPLICIT_RETAIN_SELF = YES;
				CLANG_WARN_OBJC_LITERAL_CONVERSION = YES;
				CLANG_WARN_OBJC_ROOT_CLASS = YES_ERROR;
				CLANG_WARN_QUOTED_INCLUDE_IN_FRAMEWORK_HEADER = YES;
				CLANG_WARN_RANGE_LOOP_ANALYSIS = YES;
				CLANG_WARN_STRICT_PROTOTYPES = YES;
				CLANG_WARN_SUSPICIOUS_MOVE = YES;
				CLANG_WARN_UNGUARDED_AVAILABILITY = YES_AGGRESSIVE;
				CLANG_WARN_UNREACHABLE_CODE = YES;
				CLANG_WARN__DUPLICATE_METHOD_MATCH = YES;
				COPY_PHASE_STRIP = NO;
				DEBUG_INFORMATION_FORMAT = dwarf;
				ENABLE_STRICT_OBJC_MSGSEND = YES;
				ENABLE_TESTABILITY = YES;
				GCC_C_LANGUAGE_STANDARD = gnu11;
				GCC_DYNAMIC_NO_PIC = NO;
				GCC_NO_COMMON_BLOCKS = YES;
				GCC_OPTIMIZATION_LEVEL = 0;
				GCC_PREPROCESSOR_DEFINITIONS = (
					"DEBUG=1",
					"$(inherited)",
				);
				GCC_WARN_64_TO_32_BIT_CONVERSION = YES;
				GCC_WARN_ABOUT_RETURN_TYPE = YES_ERROR;
				GCC_WARN_UNDECLARED_SELECTOR = YES;
				GCC_WARN_UNINITIALIZED_AUTOS = YES_AGGRESSIVE;
				GCC_WARN_UNUSED_FUNCTION = YES;
				GCC_WARN_UNUSED_VARIABLE = YES;
				MTL_ENABLE_DEBUG_INFO = INCLUDE_SOURCE;
				MTL_FAST_MATH = YES;
				ONLY_ACTIVE_ARCH = YES;
				SWIFT_ACTIVE_COMPILATION_CONDITIONS = DEBUG;
				SWIFT_OPTIMIZATION_LEVEL = "-Onone";
			};
			name = Debug;
		};
		CD138254284FC20500A24CF1 /* Release */ = {
			isa = XCBuildConfiguration;
			buildSettings = {
				ALWAYS_SEARCH_USER_PATHS = NO;
				CLANG_ANALYZER_NONNULL = YES;
				CLANG_ANALYZER_NUMBER_OBJECT_CONVERSION = YES_AGGRESSIVE;
				CLANG_CXX_LANGUAGE_STANDARD = "gnu++17";
				CLANG_ENABLE_MODULES = YES;
				CLANG_ENABLE_OBJC_ARC = YES;
				CLANG_ENABLE_OBJC_WEAK = YES;
				CLANG_WARN_BLOCK_CAPTURE_AUTORELEASING = YES;
				CLANG_WARN_BOOL_CONVERSION = YES;
				CLANG_WARN_COMMA = YES;
				CLANG_WARN_CONSTANT_CONVERSION = YES;
				CLANG_WARN_DEPRECATED_OBJC_IMPLEMENTATIONS = YES;
				CLANG_WARN_DIRECT_OBJC_ISA_USAGE = YES_ERROR;
				CLANG_WARN_DOCUMENTATION_COMMENTS = YES;
				CLANG_WARN_EMPTY_BODY = YES;
				CLANG_WARN_ENUM_CONVERSION = YES;
				CLANG_WARN_INFINITE_RECURSION = YES;
				CLANG_WARN_INT_CONVERSION = YES;
				CLANG_WARN_NON_LITERAL_NULL_CONVERSION = YES;
				CLANG_WARN_OBJC_IMPLICIT_RETAIN_SELF = YES;
				CLANG_WARN_OBJC_LITERAL_CONVERSION = YES;
				CLANG_WARN_OBJC_ROOT_CLASS = YES_ERROR;
				CLANG_WARN_QUOTED_INCLUDE_IN_FRAMEWORK_HEADER = YES;
				CLANG_WARN_RANGE_LOOP_ANALYSIS = YES;
				CLANG_WARN_STRICT_PROTOTYPES = YES;
				CLANG_WARN_SUSPICIOUS_MOVE = YES;
				CLANG_WARN_UNGUARDED_AVAILABILITY = YES_AGGRESSIVE;
				CLANG_WARN_UNREACHABLE_CODE = YES;
				CLANG_WARN__DUPLICATE_METHOD_MATCH = YES;
				COPY_PHASE_STRIP = NO;
				DEBUG_INFORMATION_FORMAT = "dwarf-with-dsym";
				ENABLE_NS_ASSERTIONS = NO;
				ENABLE_STRICT_OBJC_MSGSEND = YES;
				GCC_C_LANGUAGE_STANDARD = gnu11;
				GCC_NO_COMMON_BLOCKS = YES;
				GCC_WARN_64_TO_32_BIT_CONVERSION = YES;
				GCC_WARN_ABOUT_RETURN_TYPE = YES_ERROR;
				GCC_WARN_UNDECLARED_SELECTOR = YES;
				GCC_WARN_UNINITIALIZED_AUTOS = YES_AGGRESSIVE;
				GCC_WARN_UNUSED_FUNCTION = YES;
				GCC_WARN_UNUSED_VARIABLE = YES;
				MTL_ENABLE_DEBUG_INFO = NO;
				MTL_FAST_MATH = YES;
				SWIFT_COMPILATION_MODE = wholemodule;
				SWIFT_OPTIMIZATION_LEVEL = "-O";
			};
			name = Release;
		};
		CD138256284FC20500A24CF1 /* Debug */ = {
			isa = XCBuildConfiguration;
			buildSettings = {
				ASSETCATALOG_COMPILER_APPICON_NAME = AppIcon;
				ASSETCATALOG_COMPILER_GLOBAL_ACCENT_COLOR_NAME = AccentColor;
				CODE_SIGN_STYLE = Automatic;
				CURRENT_PROJECT_VERSION = 1;
				DEVELOPMENT_TEAM = P9KK452K8P;
				ENABLE_PREVIEWS = YES;
				GENERATE_INFOPLIST_FILE = YES;
				INFOPLIST_KEY_NSFaceIDUsageDescription = "We need to sign the transaction";
				INFOPLIST_KEY_UIApplicationSceneManifest_Generation = YES;
				INFOPLIST_KEY_UIApplicationSupportsIndirectInputEvents = YES;
				INFOPLIST_KEY_UILaunchScreen_Generation = YES;
				INFOPLIST_KEY_UISupportedInterfaceOrientations_iPad = "UIInterfaceOrientationPortrait UIInterfaceOrientationPortraitUpsideDown UIInterfaceOrientationLandscapeLeft UIInterfaceOrientationLandscapeRight";
				INFOPLIST_KEY_UISupportedInterfaceOrientations_iPhone = "UIInterfaceOrientationPortrait UIInterfaceOrientationLandscapeLeft UIInterfaceOrientationLandscapeRight";
				IPHONEOS_DEPLOYMENT_TARGET = 15.5;
				LD_RUNPATH_SEARCH_PATHS = (
					"$(inherited)",
					"@executable_path/Frameworks",
				);
				MARKETING_VERSION = 1.0;
				PRODUCT_BUNDLE_IDENTIFIER = com.sirilee.cryptoPass;
				PRODUCT_NAME = cryptoPass;
				SDKROOT = iphoneos;
				SWIFT_EMIT_LOC_STRINGS = YES;
				SWIFT_VERSION = 5.0;
				TARGETED_DEVICE_FAMILY = "1,2";
			};
			name = Debug;
		};
		CD138257284FC20500A24CF1 /* Release */ = {
			isa = XCBuildConfiguration;
			buildSettings = {
				ASSETCATALOG_COMPILER_APPICON_NAME = AppIcon;
				ASSETCATALOG_COMPILER_GLOBAL_ACCENT_COLOR_NAME = AccentColor;
				CODE_SIGN_STYLE = Automatic;
				CURRENT_PROJECT_VERSION = 1;
				DEVELOPMENT_TEAM = P9KK452K8P;
				ENABLE_PREVIEWS = YES;
				GENERATE_INFOPLIST_FILE = YES;
				INFOPLIST_KEY_NSFaceIDUsageDescription = "We need to sign the transaction";
				INFOPLIST_KEY_UIApplicationSceneManifest_Generation = YES;
				INFOPLIST_KEY_UIApplicationSupportsIndirectInputEvents = YES;
				INFOPLIST_KEY_UILaunchScreen_Generation = YES;
				INFOPLIST_KEY_UISupportedInterfaceOrientations_iPad = "UIInterfaceOrientationPortrait UIInterfaceOrientationPortraitUpsideDown UIInterfaceOrientationLandscapeLeft UIInterfaceOrientationLandscapeRight";
				INFOPLIST_KEY_UISupportedInterfaceOrientations_iPhone = "UIInterfaceOrientationPortrait UIInterfaceOrientationLandscapeLeft UIInterfaceOrientationLandscapeRight";
				IPHONEOS_DEPLOYMENT_TARGET = 15.5;
				LD_RUNPATH_SEARCH_PATHS = (
					"$(inherited)",
					"@executable_path/Frameworks",
				);
				MARKETING_VERSION = 1.0;
				PRODUCT_BUNDLE_IDENTIFIER = com.sirilee.cryptoPass;
				PRODUCT_NAME = cryptoPass;
				SDKROOT = iphoneos;
				SWIFT_EMIT_LOC_STRINGS = YES;
				SWIFT_VERSION = 5.0;
				TARGETED_DEVICE_FAMILY = "1,2";
				VALIDATE_PRODUCT = YES;
			};
			name = Release;
		};
		CD138259284FC20500A24CF1 /* Debug */ = {
			isa = XCBuildConfiguration;
			buildSettings = {
				ASSETCATALOG_COMPILER_APPICON_NAME = AppIcon;
				ASSETCATALOG_COMPILER_GLOBAL_ACCENT_COLOR_NAME = AccentColor;
				CODE_SIGN_ENTITLEMENTS = macOS/macOS.entitlements;
				CODE_SIGN_STYLE = Automatic;
				COMBINE_HIDPI_IMAGES = YES;
				CURRENT_PROJECT_VERSION = 1;
				DEVELOPMENT_TEAM = P9KK452K8P;
				ENABLE_HARDENED_RUNTIME = YES;
				ENABLE_PREVIEWS = YES;
				GENERATE_INFOPLIST_FILE = YES;
				INFOPLIST_KEY_NSHumanReadableCopyright = "";
				LD_RUNPATH_SEARCH_PATHS = (
					"$(inherited)",
					"@executable_path/../Frameworks",
				);
				MACOSX_DEPLOYMENT_TARGET = 12.3;
				MARKETING_VERSION = 1.0;
				PRODUCT_BUNDLE_IDENTIFIER = com.sirilee.cryptoPass;
				PRODUCT_NAME = cryptoPass;
				SDKROOT = macosx;
				SWIFT_EMIT_LOC_STRINGS = YES;
				SWIFT_VERSION = 5.0;
			};
			name = Debug;
		};
		CD13825A284FC20500A24CF1 /* Release */ = {
			isa = XCBuildConfiguration;
			buildSettings = {
				ASSETCATALOG_COMPILER_APPICON_NAME = AppIcon;
				ASSETCATALOG_COMPILER_GLOBAL_ACCENT_COLOR_NAME = AccentColor;
				CODE_SIGN_ENTITLEMENTS = macOS/macOS.entitlements;
				CODE_SIGN_STYLE = Automatic;
				COMBINE_HIDPI_IMAGES = YES;
				CURRENT_PROJECT_VERSION = 1;
				DEVELOPMENT_TEAM = P9KK452K8P;
				ENABLE_HARDENED_RUNTIME = YES;
				ENABLE_PREVIEWS = YES;
				GENERATE_INFOPLIST_FILE = YES;
				INFOPLIST_KEY_NSHumanReadableCopyright = "";
				LD_RUNPATH_SEARCH_PATHS = (
					"$(inherited)",
					"@executable_path/../Frameworks",
				);
				MACOSX_DEPLOYMENT_TARGET = 12.3;
				MARKETING_VERSION = 1.0;
				PRODUCT_BUNDLE_IDENTIFIER = com.sirilee.cryptoPass;
				PRODUCT_NAME = cryptoPass;
				SDKROOT = macosx;
				SWIFT_EMIT_LOC_STRINGS = YES;
				SWIFT_VERSION = 5.0;
			};
			name = Release;
		};
		CD13825C284FC20500A24CF1 /* Debug */ = {
			isa = XCBuildConfiguration;
			buildSettings = {
				ALWAYS_EMBED_SWIFT_STANDARD_LIBRARIES = YES;
				CODE_SIGN_STYLE = Automatic;
				CURRENT_PROJECT_VERSION = 1;
				DEVELOPMENT_TEAM = P9KK452K8P;
				GENERATE_INFOPLIST_FILE = YES;
				IPHONEOS_DEPLOYMENT_TARGET = 15.5;
				MARKETING_VERSION = 1.0;
				PRODUCT_BUNDLE_IDENTIFIER = "com.sirilee.Tests-iOS";
				PRODUCT_NAME = "$(TARGET_NAME)";
				SDKROOT = iphoneos;
				SWIFT_EMIT_LOC_STRINGS = NO;
				SWIFT_VERSION = 5.0;
				TARGETED_DEVICE_FAMILY = "1,2";
				TEST_TARGET_NAME = "cryptoPass (iOS)";
			};
			name = Debug;
		};
		CD13825D284FC20500A24CF1 /* Release */ = {
			isa = XCBuildConfiguration;
			buildSettings = {
				ALWAYS_EMBED_SWIFT_STANDARD_LIBRARIES = YES;
				CODE_SIGN_STYLE = Automatic;
				CURRENT_PROJECT_VERSION = 1;
				DEVELOPMENT_TEAM = P9KK452K8P;
				GENERATE_INFOPLIST_FILE = YES;
				IPHONEOS_DEPLOYMENT_TARGET = 15.5;
				MARKETING_VERSION = 1.0;
				PRODUCT_BUNDLE_IDENTIFIER = "com.sirilee.Tests-iOS";
				PRODUCT_NAME = "$(TARGET_NAME)";
				SDKROOT = iphoneos;
				SWIFT_EMIT_LOC_STRINGS = NO;
				SWIFT_VERSION = 5.0;
				TARGETED_DEVICE_FAMILY = "1,2";
				TEST_TARGET_NAME = "cryptoPass (iOS)";
				VALIDATE_PRODUCT = YES;
			};
			name = Release;
		};
		CD13825F284FC20500A24CF1 /* Debug */ = {
			isa = XCBuildConfiguration;
			buildSettings = {
				ALWAYS_EMBED_SWIFT_STANDARD_LIBRARIES = YES;
				CODE_SIGN_STYLE = Automatic;
				CURRENT_PROJECT_VERSION = 1;
				DEVELOPMENT_TEAM = P9KK452K8P;
				GENERATE_INFOPLIST_FILE = YES;
				MACOSX_DEPLOYMENT_TARGET = 12.3;
				MARKETING_VERSION = 1.0;
				PRODUCT_BUNDLE_IDENTIFIER = "com.sirilee.Tests-macOS";
				PRODUCT_NAME = "$(TARGET_NAME)";
				SDKROOT = macosx;
				SWIFT_EMIT_LOC_STRINGS = NO;
				SWIFT_VERSION = 5.0;
				TEST_TARGET_NAME = "cryptoPass (macOS)";
			};
			name = Debug;
		};
		CD138260284FC20500A24CF1 /* Release */ = {
			isa = XCBuildConfiguration;
			buildSettings = {
				ALWAYS_EMBED_SWIFT_STANDARD_LIBRARIES = YES;
				CODE_SIGN_STYLE = Automatic;
				CURRENT_PROJECT_VERSION = 1;
				DEVELOPMENT_TEAM = P9KK452K8P;
				GENERATE_INFOPLIST_FILE = YES;
				MACOSX_DEPLOYMENT_TARGET = 12.3;
				MARKETING_VERSION = 1.0;
				PRODUCT_BUNDLE_IDENTIFIER = "com.sirilee.Tests-macOS";
				PRODUCT_NAME = "$(TARGET_NAME)";
				SDKROOT = macosx;
				SWIFT_EMIT_LOC_STRINGS = NO;
				SWIFT_VERSION = 5.0;
				TEST_TARGET_NAME = "cryptoPass (macOS)";
			};
			name = Release;
		};
/* End XCBuildConfiguration section */

/* Begin XCConfigurationList section */
		CD13821C284FC20400A24CF1 /* Build configuration list for PBXProject "cryptoPass" */ = {
			isa = XCConfigurationList;
			buildConfigurations = (
				CD138253284FC20500A24CF1 /* Debug */,
				CD138254284FC20500A24CF1 /* Release */,
			);
			defaultConfigurationIsVisible = 0;
			defaultConfigurationName = Release;
		};
		CD138255284FC20500A24CF1 /* Build configuration list for PBXNativeTarget "cryptoPass (iOS)" */ = {
			isa = XCConfigurationList;
			buildConfigurations = (
				CD138256284FC20500A24CF1 /* Debug */,
				CD138257284FC20500A24CF1 /* Release */,
			);
			defaultConfigurationIsVisible = 0;
			defaultConfigurationName = Release;
		};
		CD138258284FC20500A24CF1 /* Build configuration list for PBXNativeTarget "cryptoPass (macOS)" */ = {
			isa = XCConfigurationList;
			buildConfigurations = (
				CD138259284FC20500A24CF1 /* Debug */,
				CD13825A284FC20500A24CF1 /* Release */,
			);
			defaultConfigurationIsVisible = 0;
			defaultConfigurationName = Release;
		};
		CD13825B284FC20500A24CF1 /* Build configuration list for PBXNativeTarget "Tests iOS" */ = {
			isa = XCConfigurationList;
			buildConfigurations = (
				CD13825C284FC20500A24CF1 /* Debug */,
				CD13825D284FC20500A24CF1 /* Release */,
			);
			defaultConfigurationIsVisible = 0;
			defaultConfigurationName = Release;
		};
		CD13825E284FC20500A24CF1 /* Build configuration list for PBXNativeTarget "Tests macOS" */ = {
			isa = XCConfigurationList;
			buildConfigurations = (
				CD13825F284FC20500A24CF1 /* Debug */,
				CD138260284FC20500A24CF1 /* Release */,
			);
			defaultConfigurationIsVisible = 0;
			defaultConfigurationName = Release;
		};
/* End XCConfigurationList section */

/* Begin XCRemoteSwiftPackageReference section */
		CDB44DB7284FC32600DDBE87 /* XCRemoteSwiftPackageReference "SFSafeSymbols" */ = {
			isa = XCRemoteSwiftPackageReference;
			repositoryURL = "https://github.com/SFSafeSymbols/SFSafeSymbols";
			requirement = {
				branch = stable;
				kind = branch;
			};
		};
		CDB44DCF284FD3F600DDBE87 /* XCRemoteSwiftPackageReference "web3" */ = {
			isa = XCRemoteSwiftPackageReference;
			repositoryURL = "https://github.com/argentlabs/web3.swift";
			requirement = {
				kind = upToNextMajorVersion;
				minimumVersion = 1.0.0;
			};
		};
/* End XCRemoteSwiftPackageReference section */

/* Begin XCSwiftPackageProductDependency section */
		CDB44DB8284FC32600DDBE87 /* SFSafeSymbols */ = {
			isa = XCSwiftPackageProductDependency;
			package = CDB44DB7284FC32600DDBE87 /* XCRemoteSwiftPackageReference "SFSafeSymbols" */;
			productName = SFSafeSymbols;
		};
		CDB44DD0284FD3F600DDBE87 /* web3.swift */ = {
			isa = XCSwiftPackageProductDependency;
			package = CDB44DCF284FD3F600DDBE87 /* XCRemoteSwiftPackageReference "web3" */;
			productName = web3.swift;
		};
		CDB44DF12850A83B00DDBE87 /* web3.swift */ = {
			isa = XCSwiftPackageProductDependency;
			package = CDB44DCF284FD3F600DDBE87 /* XCRemoteSwiftPackageReference "web3" */;
			productName = web3.swift;
		};
		CDB44DF32850A84A00DDBE87 /* SFSafeSymbols */ = {
			isa = XCSwiftPackageProductDependency;
			package = CDB44DB7284FC32600DDBE87 /* XCRemoteSwiftPackageReference "SFSafeSymbols" */;
			productName = SFSafeSymbols;
		};
/* End XCSwiftPackageProductDependency section */

/* Begin XCVersionGroup section */
		CD13821E284FC20500A24CF1 /* cryptoPass.xcdatamodeld */ = {
			isa = XCVersionGroup;
			children = (
				CD13821F284FC20500A24CF1 /* Shared.xcdatamodel */,
			);
			currentVersion = CD13821F284FC20500A24CF1 /* Shared.xcdatamodel */;
			path = cryptoPass.xcdatamodeld;
			sourceTree = "<group>";
			versionGroupType = wrapper.xcdatamodel;
		};
/* End XCVersionGroup section */
	};
	rootObject = CD138219284FC20400A24CF1 /* Project object */;
}
